// !$*UTF8*$!
{
	archiveVersion = 1;
	classes = {
	};
	objectVersion = 50;
	objects = {

/* Begin PBXBuildFile section */
		4A2F48B2221F95CA00FDBC93 /* CreateAccountViewController.swift in Sources */ = {isa = PBXBuildFile; fileRef = 4A2F48B1221F95CA00FDBC93 /* CreateAccountViewController.swift */; };
		4A35F970221B0D4800664FF2 /* AppDelegate.swift in Sources */ = {isa = PBXBuildFile; fileRef = 4A35F96F221B0D4800664FF2 /* AppDelegate.swift */; };
		4A35F975221B0D4800664FF2 /* Main.storyboard in Resources */ = {isa = PBXBuildFile; fileRef = 4A35F973221B0D4800664FF2 /* Main.storyboard */; };
		4A35F977221B0D4900664FF2 /* Assets.xcassets in Resources */ = {isa = PBXBuildFile; fileRef = 4A35F976221B0D4900664FF2 /* Assets.xcassets */; };
		4A35F97A221B0D4900664FF2 /* LaunchScreen.storyboard in Resources */ = {isa = PBXBuildFile; fileRef = 4A35F978221B0D4900664FF2 /* LaunchScreen.storyboard */; };
		4A35F985221B0D4900664FF2 /* FishHookTests.swift in Sources */ = {isa = PBXBuildFile; fileRef = 4A35F984221B0D4900664FF2 /* FishHookTests.swift */; };
		4A6CBBE8221F7E8500B8823A /* ColorGradient.swift in Sources */ = {isa = PBXBuildFile; fileRef = 4A6CBBE7221F7E8500B8823A /* ColorGradient.swift */; };
		4A9D7DF3221E3F3F00585DCA /* GoogleService-Info.plist in Resources */ = {isa = PBXBuildFile; fileRef = 4A9D7DF2221E3F3F00585DCA /* GoogleService-Info.plist */; };
		4AA55318221E5D3200D835BA /* Pods_FishHookTests.framework in Frameworks */ = {isa = PBXBuildFile; fileRef = B3FEFB33E123C0A3716270BE /* Pods_FishHookTests.framework */; };
		4AA55319221E5D3500D835BA /* Pods_FishHook.framework in Frameworks */ = {isa = PBXBuildFile; fileRef = 5A241B8E7AA1AEB7F09BCF47 /* Pods_FishHook.framework */; };
		4AC715742220DBD800868214 /* TournamentCreationViewController.swift in Sources */ = {isa = PBXBuildFile; fileRef = 4AC715732220DBD800868214 /* TournamentCreationViewController.swift */; };
		4AC7157A2220DF7000868214 /* AdminTabViewController.swift in Sources */ = {isa = PBXBuildFile; fileRef = 4AC715792220DF7000868214 /* AdminTabViewController.swift */; };
		4AC7157C2220E05F00868214 /* AdminTournamentsCollectionViewController.swift in Sources */ = {isa = PBXBuildFile; fileRef = 4AC7157B2220E05F00868214 /* AdminTournamentsCollectionViewController.swift */; };
		4AC7157F2220E0B100868214 /* DivisionsCollectionViewController.swift in Sources */ = {isa = PBXBuildFile; fileRef = 4AC7157E2220E0B100868214 /* DivisionsCollectionViewController.swift */; };
		4AC715812220E3EC00868214 /* LoginViewController.swift in Sources */ = {isa = PBXBuildFile; fileRef = 4AC715802220E3EC00868214 /* LoginViewController.swift */; };
/* End PBXBuildFile section */

/* Begin PBXContainerItemProxy section */
		4A35F981221B0D4900664FF2 /* PBXContainerItemProxy */ = {
			isa = PBXContainerItemProxy;
			containerPortal = 4A35F964221B0D4700664FF2 /* Project object */;
			proxyType = 1;
			remoteGlobalIDString = 4A35F96B221B0D4700664FF2;
			remoteInfo = FishHook;
		};
/* End PBXContainerItemProxy section */

/* Begin PBXFileReference section */
		1E085035BFBE25D88C1EAE79 /* Pods-FishHook.debug.xcconfig */ = {isa = PBXFileReference; includeInIndex = 1; lastKnownFileType = text.xcconfig; name = "Pods-FishHook.debug.xcconfig"; path = "Pods/Target Support Files/Pods-FishHook/Pods-FishHook.debug.xcconfig"; sourceTree = "<group>"; };
		23AA5ED718A7B480E6DAB269 /* Pods-FishHookTests.debug.xcconfig */ = {isa = PBXFileReference; includeInIndex = 1; lastKnownFileType = text.xcconfig; name = "Pods-FishHookTests.debug.xcconfig"; path = "Pods/Target Support Files/Pods-FishHookTests/Pods-FishHookTests.debug.xcconfig"; sourceTree = "<group>"; };
		2580ADBAE32566D8DAE73CAD /* Pods-FishHookTests.release.xcconfig */ = {isa = PBXFileReference; includeInIndex = 1; lastKnownFileType = text.xcconfig; name = "Pods-FishHookTests.release.xcconfig"; path = "Pods/Target Support Files/Pods-FishHookTests/Pods-FishHookTests.release.xcconfig"; sourceTree = "<group>"; };
		41FEDDC9E47150B778888129 /* Pods-FishHook.release.xcconfig */ = {isa = PBXFileReference; includeInIndex = 1; lastKnownFileType = text.xcconfig; name = "Pods-FishHook.release.xcconfig"; path = "Pods/Target Support Files/Pods-FishHook/Pods-FishHook.release.xcconfig"; sourceTree = "<group>"; };
		4A2F48B1221F95CA00FDBC93 /* CreateAccountViewController.swift */ = {isa = PBXFileReference; lastKnownFileType = sourcecode.swift; path = CreateAccountViewController.swift; sourceTree = "<group>"; };
		4A35F96C221B0D4800664FF2 /* FishHook.app */ = {isa = PBXFileReference; explicitFileType = wrapper.application; includeInIndex = 0; path = FishHook.app; sourceTree = BUILT_PRODUCTS_DIR; };
		4A35F96F221B0D4800664FF2 /* AppDelegate.swift */ = {isa = PBXFileReference; lastKnownFileType = sourcecode.swift; path = AppDelegate.swift; sourceTree = "<group>"; };
		4A35F974221B0D4800664FF2 /* Base */ = {isa = PBXFileReference; lastKnownFileType = file.storyboard; name = Base; path = Base.lproj/Main.storyboard; sourceTree = "<group>"; };
		4A35F976221B0D4900664FF2 /* Assets.xcassets */ = {isa = PBXFileReference; lastKnownFileType = folder.assetcatalog; path = Assets.xcassets; sourceTree = "<group>"; };
		4A35F979221B0D4900664FF2 /* Base */ = {isa = PBXFileReference; lastKnownFileType = file.storyboard; name = Base; path = Base.lproj/LaunchScreen.storyboard; sourceTree = "<group>"; };
		4A35F97B221B0D4900664FF2 /* Info.plist */ = {isa = PBXFileReference; lastKnownFileType = text.plist.xml; path = Info.plist; sourceTree = "<group>"; };
		4A35F980221B0D4900664FF2 /* FishHookTests.xctest */ = {isa = PBXFileReference; explicitFileType = wrapper.cfbundle; includeInIndex = 0; path = FishHookTests.xctest; sourceTree = BUILT_PRODUCTS_DIR; };
		4A35F984221B0D4900664FF2 /* FishHookTests.swift */ = {isa = PBXFileReference; lastKnownFileType = sourcecode.swift; path = FishHookTests.swift; sourceTree = "<group>"; };
		4A35F986221B0D4900664FF2 /* Info.plist */ = {isa = PBXFileReference; lastKnownFileType = text.plist.xml; path = Info.plist; sourceTree = "<group>"; };
		4A6CBBE7221F7E8500B8823A /* ColorGradient.swift */ = {isa = PBXFileReference; lastKnownFileType = sourcecode.swift; path = ColorGradient.swift; sourceTree = "<group>"; };
		4A9D7DF2221E3F3F00585DCA /* GoogleService-Info.plist */ = {isa = PBXFileReference; fileEncoding = 4; lastKnownFileType = text.plist.xml; path = "GoogleService-Info.plist"; sourceTree = "<group>"; };
		4AC715732220DBD800868214 /* TournamentCreationViewController.swift */ = {isa = PBXFileReference; lastKnownFileType = sourcecode.swift; path = TournamentCreationViewController.swift; sourceTree = "<group>"; };
		4AC715792220DF7000868214 /* AdminTabViewController.swift */ = {isa = PBXFileReference; lastKnownFileType = sourcecode.swift; path = AdminTabViewController.swift; sourceTree = "<group>"; };
		4AC7157B2220E05F00868214 /* AdminTournamentsCollectionViewController.swift */ = {isa = PBXFileReference; lastKnownFileType = sourcecode.swift; path = AdminTournamentsCollectionViewController.swift; sourceTree = "<group>"; };
		4AC7157E2220E0B100868214 /* DivisionsCollectionViewController.swift */ = {isa = PBXFileReference; lastKnownFileType = sourcecode.swift; path = DivisionsCollectionViewController.swift; sourceTree = "<group>"; };
		4AC715802220E3EC00868214 /* LoginViewController.swift */ = {isa = PBXFileReference; lastKnownFileType = sourcecode.swift; path = LoginViewController.swift; sourceTree = "<group>"; };
		5A241B8E7AA1AEB7F09BCF47 /* Pods_FishHook.framework */ = {isa = PBXFileReference; explicitFileType = wrapper.framework; includeInIndex = 0; path = Pods_FishHook.framework; sourceTree = BUILT_PRODUCTS_DIR; };
		B3FEFB33E123C0A3716270BE /* Pods_FishHookTests.framework */ = {isa = PBXFileReference; explicitFileType = wrapper.framework; includeInIndex = 0; path = Pods_FishHookTests.framework; sourceTree = BUILT_PRODUCTS_DIR; };
/* End PBXFileReference section */

/* Begin PBXFrameworksBuildPhase section */
		4A35F969221B0D4700664FF2 /* Frameworks */ = {
			isa = PBXFrameworksBuildPhase;
			buildActionMask = 2147483647;
			files = (
				4AA55319221E5D3500D835BA /* Pods_FishHook.framework in Frameworks */,
			);
			runOnlyForDeploymentPostprocessing = 0;
		};
		4A35F97D221B0D4900664FF2 /* Frameworks */ = {
			isa = PBXFrameworksBuildPhase;
			buildActionMask = 2147483647;
			files = (
				4AA55318221E5D3200D835BA /* Pods_FishHookTests.framework in Frameworks */,
			);
			runOnlyForDeploymentPostprocessing = 0;
		};
/* End PBXFrameworksBuildPhase section */

/* Begin PBXGroup section */
		4A2F48A7221F92DC00FDBC93 /* Utilities */ = {
			isa = PBXGroup;
			children = (
				4A6CBBE7221F7E8500B8823A /* ColorGradient.swift */,
			);
			path = Utilities;
			sourceTree = "<group>";
		};
		4A2F48AA221F941200FDBC93 /* ViewModels */ = {
			isa = PBXGroup;
			children = (
			);
			path = ViewModels;
			sourceTree = "<group>";
		};
		4A2F48AB221F941A00FDBC93 /* Models */ = {
			isa = PBXGroup;
			children = (
			);
			path = Models;
			sourceTree = "<group>";
		};
		4A2F48AC221F942D00FDBC93 /* Controllers */ = {
			isa = PBXGroup;
			children = (
				4AC7157D2220E09A00868214 /* Divisions */,
				4AC715762220DC6500868214 /* Login_Signup */,
				4AC715752220DBEB00868214 /* TournamentCreation */,
				4AC715792220DF7000868214 /* AdminTabViewController.swift */,
				4AC7157B2220E05F00868214 /* AdminTournamentsCollectionViewController.swift */,
			);
			path = Controllers;
			sourceTree = "<group>";
		};
		4A35F963221B0D4700664FF2 = {
			isa = PBXGroup;
			children = (
				4A35F96E221B0D4800664FF2 /* FishHook */,
				4A35F983221B0D4900664FF2 /* FishHookTests */,
				4A35F96D221B0D4800664FF2 /* Products */,
				75C9D853F827504E6184467A /* Pods */,
				6AFA36CDC0C672D390094BAA /* Frameworks */,
			);
			sourceTree = "<group>";
		};
		4A35F96D221B0D4800664FF2 /* Products */ = {
			isa = PBXGroup;
			children = (
				4A35F96C221B0D4800664FF2 /* FishHook.app */,
				4A35F980221B0D4900664FF2 /* FishHookTests.xctest */,
			);
			name = Products;
			sourceTree = "<group>";
		};
		4A35F96E221B0D4800664FF2 /* FishHook */ = {
			isa = PBXGroup;
			children = (
				4A2F48AC221F942D00FDBC93 /* Controllers */,
				4A2F48AA221F941200FDBC93 /* ViewModels */,
				4A2F48AB221F941A00FDBC93 /* Models */,
				4A35F96F221B0D4800664FF2 /* AppDelegate.swift */,
				4A35F973221B0D4800664FF2 /* Main.storyboard */,
				4A35F976221B0D4900664FF2 /* Assets.xcassets */,
				4A35F978221B0D4900664FF2 /* LaunchScreen.storyboard */,
				4A35F97B221B0D4900664FF2 /* Info.plist */,
				4A9D7DF2221E3F3F00585DCA /* GoogleService-Info.plist */,
				4A2F48A7221F92DC00FDBC93 /* Utilities */,
			);
			path = FishHook;
			sourceTree = "<group>";
		};
		4A35F983221B0D4900664FF2 /* FishHookTests */ = {
			isa = PBXGroup;
			children = (
				4A35F984221B0D4900664FF2 /* FishHookTests.swift */,
				4A35F986221B0D4900664FF2 /* Info.plist */,
			);
			path = FishHookTests;
			sourceTree = "<group>";
		};
		4AC715752220DBEB00868214 /* TournamentCreation */ = {
			isa = PBXGroup;
			children = (
				4AC715732220DBD800868214 /* TournamentCreationViewController.swift */,
			);
			path = TournamentCreation;
			sourceTree = "<group>";
		};
		4AC715762220DC6500868214 /* Login_Signup */ = {
			isa = PBXGroup;
			children = (
				4A2F48B1221F95CA00FDBC93 /* CreateAccountViewController.swift */,
				4AC715802220E3EC00868214 /* LoginViewController.swift */,
			);
			path = Login_Signup;
			sourceTree = "<group>";
		};
		4AC7157D2220E09A00868214 /* Divisions */ = {
			isa = PBXGroup;
			children = (
				4AC7157E2220E0B100868214 /* DivisionsCollectionViewController.swift */,
			);
			path = Divisions;
			sourceTree = "<group>";
		};
		6AFA36CDC0C672D390094BAA /* Frameworks */ = {
			isa = PBXGroup;
			children = (
				5A241B8E7AA1AEB7F09BCF47 /* Pods_FishHook.framework */,
				B3FEFB33E123C0A3716270BE /* Pods_FishHookTests.framework */,
			);
			name = Frameworks;
			sourceTree = "<group>";
		};
		75C9D853F827504E6184467A /* Pods */ = {
			isa = PBXGroup;
			children = (
				1E085035BFBE25D88C1EAE79 /* Pods-FishHook.debug.xcconfig */,
				41FEDDC9E47150B778888129 /* Pods-FishHook.release.xcconfig */,
				23AA5ED718A7B480E6DAB269 /* Pods-FishHookTests.debug.xcconfig */,
				2580ADBAE32566D8DAE73CAD /* Pods-FishHookTests.release.xcconfig */,
			);
			name = Pods;
			sourceTree = "<group>";
		};
/* End PBXGroup section */

/* Begin PBXNativeTarget section */
		4A35F96B221B0D4700664FF2 /* FishHook */ = {
			isa = PBXNativeTarget;
			buildConfigurationList = 4A35F989221B0D4900664FF2 /* Build configuration list for PBXNativeTarget "FishHook" */;
			buildPhases = (
				31C8FB46D48D14FABEB1E96E /* [CP] Check Pods Manifest.lock */,
				4A35F968221B0D4700664FF2 /* Sources */,
				4A35F969221B0D4700664FF2 /* Frameworks */,
				4A35F96A221B0D4700664FF2 /* Resources */,
				38BB0D588DB81AED52D71900 /* [CP] Embed Pods Frameworks */,
			);
			buildRules = (
			);
			dependencies = (
			);
			name = FishHook;
			productName = FishHook;
			productReference = 4A35F96C221B0D4800664FF2 /* FishHook.app */;
			productType = "com.apple.product-type.application";
		};
		4A35F97F221B0D4900664FF2 /* FishHookTests */ = {
			isa = PBXNativeTarget;
			buildConfigurationList = 4A35F98C221B0D4900664FF2 /* Build configuration list for PBXNativeTarget "FishHookTests" */;
			buildPhases = (
				B9803D651CD6024FFE9607E1 /* [CP] Check Pods Manifest.lock */,
				4A35F97C221B0D4900664FF2 /* Sources */,
				4A35F97D221B0D4900664FF2 /* Frameworks */,
				4A35F97E221B0D4900664FF2 /* Resources */,
			);
			buildRules = (
			);
			dependencies = (
				4A35F982221B0D4900664FF2 /* PBXTargetDependency */,
			);
			name = FishHookTests;
			productName = FishHookTests;
			productReference = 4A35F980221B0D4900664FF2 /* FishHookTests.xctest */;
			productType = "com.apple.product-type.bundle.unit-test";
		};
/* End PBXNativeTarget section */

/* Begin PBXProject section */
		4A35F964221B0D4700664FF2 /* Project object */ = {
			isa = PBXProject;
			attributes = {
				LastSwiftUpdateCheck = 1010;
				LastUpgradeCheck = 1010;
				ORGANIZATIONNAME = "Eric Sharkey";
				TargetAttributes = {
					4A35F96B221B0D4700664FF2 = {
						CreatedOnToolsVersion = 10.1;
					};
					4A35F97F221B0D4900664FF2 = {
						CreatedOnToolsVersion = 10.1;
						TestTargetID = 4A35F96B221B0D4700664FF2;
					};
				};
			};
			buildConfigurationList = 4A35F967221B0D4700664FF2 /* Build configuration list for PBXProject "FishHook" */;
			compatibilityVersion = "Xcode 9.3";
			developmentRegion = en;
			hasScannedForEncodings = 0;
			knownRegions = (
				en,
				Base,
			);
			mainGroup = 4A35F963221B0D4700664FF2;
			productRefGroup = 4A35F96D221B0D4800664FF2 /* Products */;
			projectDirPath = "";
			projectRoot = "";
			targets = (
				4A35F96B221B0D4700664FF2 /* FishHook */,
				4A35F97F221B0D4900664FF2 /* FishHookTests */,
			);
		};
/* End PBXProject section */

/* Begin PBXResourcesBuildPhase section */
		4A35F96A221B0D4700664FF2 /* Resources */ = {
			isa = PBXResourcesBuildPhase;
			buildActionMask = 2147483647;
			files = (
				4A35F97A221B0D4900664FF2 /* LaunchScreen.storyboard in Resources */,
				4A35F977221B0D4900664FF2 /* Assets.xcassets in Resources */,
				4A35F975221B0D4800664FF2 /* Main.storyboard in Resources */,
				4A9D7DF3221E3F3F00585DCA /* GoogleService-Info.plist in Resources */,
			);
			runOnlyForDeploymentPostprocessing = 0;
		};
		4A35F97E221B0D4900664FF2 /* Resources */ = {
			isa = PBXResourcesBuildPhase;
			buildActionMask = 2147483647;
			files = (
			);
			runOnlyForDeploymentPostprocessing = 0;
		};
/* End PBXResourcesBuildPhase section */

/* Begin PBXShellScriptBuildPhase section */
		31C8FB46D48D14FABEB1E96E /* [CP] Check Pods Manifest.lock */ = {
			isa = PBXShellScriptBuildPhase;
			buildActionMask = 2147483647;
			files = (
			);
			inputFileListPaths = (
			);
			inputPaths = (
				"${PODS_PODFILE_DIR_PATH}/Podfile.lock",
				"${PODS_ROOT}/Manifest.lock",
			);
			name = "[CP] Check Pods Manifest.lock";
			outputFileListPaths = (
			);
			outputPaths = (
				"$(DERIVED_FILE_DIR)/Pods-FishHook-checkManifestLockResult.txt",
			);
			runOnlyForDeploymentPostprocessing = 0;
			shellPath = /bin/sh;
			shellScript = "diff \"${PODS_PODFILE_DIR_PATH}/Podfile.lock\" \"${PODS_ROOT}/Manifest.lock\" > /dev/null\nif [ $? != 0 ] ; then\n    # print error to STDERR\n    echo \"error: The sandbox is not in sync with the Podfile.lock. Run 'pod install' or update your CocoaPods installation.\" >&2\n    exit 1\nfi\n# This output is used by Xcode 'outputs' to avoid re-running this script phase.\necho \"SUCCESS\" > \"${SCRIPT_OUTPUT_FILE_0}\"\n";
			showEnvVarsInLog = 0;
		};
		38BB0D588DB81AED52D71900 /* [CP] Embed Pods Frameworks */ = {
			isa = PBXShellScriptBuildPhase;
			buildActionMask = 2147483647;
			files = (
			);
			inputFileListPaths = (
			);
			inputPaths = (
				"${SRCROOT}/Pods/Target Support Files/Pods-FishHook/Pods-FishHook-frameworks.sh",
				"${BUILT_PRODUCTS_DIR}/GTMSessionFetcher/GTMSessionFetcher.framework",
				"${BUILT_PRODUCTS_DIR}/GoogleUtilities/GoogleUtilities.framework",
				"${BUILT_PRODUCTS_DIR}/nanopb/nanopb.framework",
			);
			name = "[CP] Embed Pods Frameworks";
			outputFileListPaths = (
			);
			outputPaths = (
				"${TARGET_BUILD_DIR}/${FRAMEWORKS_FOLDER_PATH}/GTMSessionFetcher.framework",
				"${TARGET_BUILD_DIR}/${FRAMEWORKS_FOLDER_PATH}/GoogleUtilities.framework",
				"${TARGET_BUILD_DIR}/${FRAMEWORKS_FOLDER_PATH}/nanopb.framework",
			);
			runOnlyForDeploymentPostprocessing = 0;
			shellPath = /bin/sh;
			shellScript = "\"${SRCROOT}/Pods/Target Support Files/Pods-FishHook/Pods-FishHook-frameworks.sh\"\n";
			showEnvVarsInLog = 0;
		};
		B9803D651CD6024FFE9607E1 /* [CP] Check Pods Manifest.lock */ = {
			isa = PBXShellScriptBuildPhase;
			buildActionMask = 2147483647;
			files = (
			);
			inputFileListPaths = (
			);
			inputPaths = (
				"${PODS_PODFILE_DIR_PATH}/Podfile.lock",
				"${PODS_ROOT}/Manifest.lock",
			);
			name = "[CP] Check Pods Manifest.lock";
			outputFileListPaths = (
			);
			outputPaths = (
				"$(DERIVED_FILE_DIR)/Pods-FishHookTests-checkManifestLockResult.txt",
			);
			runOnlyForDeploymentPostprocessing = 0;
			shellPath = /bin/sh;
			shellScript = "diff \"${PODS_PODFILE_DIR_PATH}/Podfile.lock\" \"${PODS_ROOT}/Manifest.lock\" > /dev/null\nif [ $? != 0 ] ; then\n    # print error to STDERR\n    echo \"error: The sandbox is not in sync with the Podfile.lock. Run 'pod install' or update your CocoaPods installation.\" >&2\n    exit 1\nfi\n# This output is used by Xcode 'outputs' to avoid re-running this script phase.\necho \"SUCCESS\" > \"${SCRIPT_OUTPUT_FILE_0}\"\n";
			showEnvVarsInLog = 0;
		};
/* End PBXShellScriptBuildPhase section */

/* Begin PBXSourcesBuildPhase section */
		4A35F968221B0D4700664FF2 /* Sources */ = {
			isa = PBXSourcesBuildPhase;
			buildActionMask = 2147483647;
			files = (
				4AC715742220DBD800868214 /* TournamentCreationViewController.swift in Sources */,
				4A2F48B2221F95CA00FDBC93 /* CreateAccountViewController.swift in Sources */,
				4AC7157A2220DF7000868214 /* AdminTabViewController.swift in Sources */,
				4AC7157C2220E05F00868214 /* AdminTournamentsCollectionViewController.swift in Sources */,
				4AC715812220E3EC00868214 /* LoginViewController.swift in Sources */,
				4A6CBBE8221F7E8500B8823A /* ColorGradient.swift in Sources */,
				4AC7157F2220E0B100868214 /* DivisionsCollectionViewController.swift in Sources */,
				4A35F970221B0D4800664FF2 /* AppDelegate.swift in Sources */,
			);
			runOnlyForDeploymentPostprocessing = 0;
		};
		4A35F97C221B0D4900664FF2 /* Sources */ = {
			isa = PBXSourcesBuildPhase;
			buildActionMask = 2147483647;
			files = (
				4A35F985221B0D4900664FF2 /* FishHookTests.swift in Sources */,
			);
			runOnlyForDeploymentPostprocessing = 0;
		};
/* End PBXSourcesBuildPhase section */

/* Begin PBXTargetDependency section */
		4A35F982221B0D4900664FF2 /* PBXTargetDependency */ = {
			isa = PBXTargetDependency;
			target = 4A35F96B221B0D4700664FF2 /* FishHook */;
			targetProxy = 4A35F981221B0D4900664FF2 /* PBXContainerItemProxy */;
		};
/* End PBXTargetDependency section */

/* Begin PBXVariantGroup section */
		4A35F973221B0D4800664FF2 /* Main.storyboard */ = {
			isa = PBXVariantGroup;
			children = (
				4A35F974221B0D4800664FF2 /* Base */,
			);
			name = Main.storyboard;
			sourceTree = "<group>";
		};
		4A35F978221B0D4900664FF2 /* LaunchScreen.storyboard */ = {
			isa = PBXVariantGroup;
			children = (
				4A35F979221B0D4900664FF2 /* Base */,
			);
			name = LaunchScreen.storyboard;
			sourceTree = "<group>";
		};
/* End PBXVariantGroup section */

/* Begin XCBuildConfiguration section */
		4A35F987221B0D4900664FF2 /* Debug */ = {
			isa = XCBuildConfiguration;
			buildSettings = {
				ALWAYS_SEARCH_USER_PATHS = NO;
				CLANG_ANALYZER_NONNULL = YES;
				CLANG_ANALYZER_NUMBER_OBJECT_CONVERSION = YES_AGGRESSIVE;
				CLANG_CXX_LANGUAGE_STANDARD = "gnu++14";
				CLANG_CXX_LIBRARY = "libc++";
				CLANG_ENABLE_MODULES = YES;
				CLANG_ENABLE_OBJC_ARC = YES;
				CLANG_ENABLE_OBJC_WEAK = YES;
				CLANG_WARN_BLOCK_CAPTURE_AUTORELEASING = YES;
				CLANG_WARN_BOOL_CONVERSION = YES;
				CLANG_WARN_COMMA = YES;
				CLANG_WARN_CONSTANT_CONVERSION = YES;
				CLANG_WARN_DEPRECATED_OBJC_IMPLEMENTATIONS = YES;
				CLANG_WARN_DIRECT_OBJC_ISA_USAGE = YES_ERROR;
				CLANG_WARN_DOCUMENTATION_COMMENTS = YES;
				CLANG_WARN_EMPTY_BODY = YES;
				CLANG_WARN_ENUM_CONVERSION = YES;
				CLANG_WARN_INFINITE_RECURSION = YES;
				CLANG_WARN_INT_CONVERSION = YES;
				CLANG_WARN_NON_LITERAL_NULL_CONVERSION = YES;
				CLANG_WARN_OBJC_IMPLICIT_RETAIN_SELF = YES;
				CLANG_WARN_OBJC_LITERAL_CONVERSION = YES;
				CLANG_WARN_OBJC_ROOT_CLASS = YES_ERROR;
				CLANG_WARN_RANGE_LOOP_ANALYSIS = YES;
				CLANG_WARN_STRICT_PROTOTYPES = YES;
				CLANG_WARN_SUSPICIOUS_MOVE = YES;
				CLANG_WARN_UNGUARDED_AVAILABILITY = YES_AGGRESSIVE;
				CLANG_WARN_UNREACHABLE_CODE = YES;
				CLANG_WARN__DUPLICATE_METHOD_MATCH = YES;
				CODE_SIGN_IDENTITY = "iPhone Developer";
				COPY_PHASE_STRIP = NO;
				DEBUG_INFORMATION_FORMAT = dwarf;
				ENABLE_STRICT_OBJC_MSGSEND = YES;
				ENABLE_TESTABILITY = YES;
				GCC_C_LANGUAGE_STANDARD = gnu11;
				GCC_DYNAMIC_NO_PIC = NO;
				GCC_NO_COMMON_BLOCKS = YES;
				GCC_OPTIMIZATION_LEVEL = 0;
				GCC_PREPROCESSOR_DEFINITIONS = (
					"DEBUG=1",
					"$(inherited)",
				);
				GCC_WARN_64_TO_32_BIT_CONVERSION = YES;
				GCC_WARN_ABOUT_RETURN_TYPE = YES_ERROR;
				GCC_WARN_UNDECLARED_SELECTOR = YES;
				GCC_WARN_UNINITIALIZED_AUTOS = YES_AGGRESSIVE;
				GCC_WARN_UNUSED_FUNCTION = YES;
				GCC_WARN_UNUSED_VARIABLE = YES;
				IPHONEOS_DEPLOYMENT_TARGET = 12.1;
				MTL_ENABLE_DEBUG_INFO = INCLUDE_SOURCE;
				MTL_FAST_MATH = YES;
				ONLY_ACTIVE_ARCH = YES;
				SDKROOT = iphoneos;
				SWIFT_ACTIVE_COMPILATION_CONDITIONS = DEBUG;
				SWIFT_OPTIMIZATION_LEVEL = "-Onone";
			};
			name = Debug;
		};
		4A35F988221B0D4900664FF2 /* Release */ = {
			isa = XCBuildConfiguration;
			buildSettings = {
				ALWAYS_SEARCH_USER_PATHS = NO;
				CLANG_ANALYZER_NONNULL = YES;
				CLANG_ANALYZER_NUMBER_OBJECT_CONVERSION = YES_AGGRESSIVE;
				CLANG_CXX_LANGUAGE_STANDARD = "gnu++14";
				CLANG_CXX_LIBRARY = "libc++";
				CLANG_ENABLE_MODULES = YES;
				CLANG_ENABLE_OBJC_ARC = YES;
				CLANG_ENABLE_OBJC_WEAK = YES;
				CLANG_WARN_BLOCK_CAPTURE_AUTORELEASING = YES;
				CLANG_WARN_BOOL_CONVERSION = YES;
				CLANG_WARN_COMMA = YES;
				CLANG_WARN_CONSTANT_CONVERSION = YES;
				CLANG_WARN_DEPRECATED_OBJC_IMPLEMENTATIONS = YES;
				CLANG_WARN_DIRECT_OBJC_ISA_USAGE = YES_ERROR;
				CLANG_WARN_DOCUMENTATION_COMMENTS = YES;
				CLANG_WARN_EMPTY_BODY = YES;
				CLANG_WARN_ENUM_CONVERSION = YES;
				CLANG_WARN_INFINITE_RECURSION = YES;
				CLANG_WARN_INT_CONVERSION = YES;
				CLANG_WARN_NON_LITERAL_NULL_CONVERSION = YES;
				CLANG_WARN_OBJC_IMPLICIT_RETAIN_SELF = YES;
				CLANG_WARN_OBJC_LITERAL_CONVERSION = YES;
				CLANG_WARN_OBJC_ROOT_CLASS = YES_ERROR;
				CLANG_WARN_RANGE_LOOP_ANALYSIS = YES;
				CLANG_WARN_STRICT_PROTOTYPES = YES;
				CLANG_WARN_SUSPICIOUS_MOVE = YES;
				CLANG_WARN_UNGUARDED_AVAILABILITY = YES_AGGRESSIVE;
				CLANG_WARN_UNREACHABLE_CODE = YES;
				CLANG_WARN__DUPLICATE_METHOD_MATCH = YES;
				CODE_SIGN_IDENTITY = "iPhone Developer";
				COPY_PHASE_STRIP = NO;
				DEBUG_INFORMATION_FORMAT = "dwarf-with-dsym";
				ENABLE_NS_ASSERTIONS = NO;
				ENABLE_STRICT_OBJC_MSGSEND = YES;
				GCC_C_LANGUAGE_STANDARD = gnu11;
				GCC_NO_COMMON_BLOCKS = YES;
				GCC_WARN_64_TO_32_BIT_CONVERSION = YES;
				GCC_WARN_ABOUT_RETURN_TYPE = YES_ERROR;
				GCC_WARN_UNDECLARED_SELECTOR = YES;
				GCC_WARN_UNINITIALIZED_AUTOS = YES_AGGRESSIVE;
				GCC_WARN_UNUSED_FUNCTION = YES;
				GCC_WARN_UNUSED_VARIABLE = YES;
				IPHONEOS_DEPLOYMENT_TARGET = 12.1;
				MTL_ENABLE_DEBUG_INFO = NO;
				MTL_FAST_MATH = YES;
				SDKROOT = iphoneos;
				SWIFT_COMPILATION_MODE = wholemodule;
				SWIFT_OPTIMIZATION_LEVEL = "-O";
				VALIDATE_PRODUCT = YES;
			};
			name = Release;
		};
		4A35F98A221B0D4900664FF2 /* Debug */ = {
			isa = XCBuildConfiguration;
			baseConfigurationReference = 1E085035BFBE25D88C1EAE79 /* Pods-FishHook.debug.xcconfig */;
			buildSettings = {
				ASSETCATALOG_COMPILER_APPICON_NAME = AppIcon;
				CODE_SIGN_STYLE = Automatic;
				DEVELOPMENT_TEAM = DZXMFJBQVZ;
				INFOPLIST_FILE = FishHook/Info.plist;
				LD_RUNPATH_SEARCH_PATHS = (
					"$(inherited)",
					"@executable_path/Frameworks",
				);
				PRODUCT_BUNDLE_IDENTIFIER = com.ericsharkey.FishHook;
				PRODUCT_NAME = "$(TARGET_NAME)";
				SWIFT_VERSION = 4.2;
				TARGETED_DEVICE_FAMILY = "1,2";
			};
			name = Debug;
		};
		4A35F98B221B0D4900664FF2 /* Release */ = {
			isa = XCBuildConfiguration;
			baseConfigurationReference = 41FEDDC9E47150B778888129 /* Pods-FishHook.release.xcconfig */;
			buildSettings = {
				ASSETCATALOG_COMPILER_APPICON_NAME = AppIcon;
				CODE_SIGN_STYLE = Automatic;
				DEVELOPMENT_TEAM = DZXMFJBQVZ;
				INFOPLIST_FILE = FishHook/Info.plist;
				LD_RUNPATH_SEARCH_PATHS = (
					"$(inherited)",
					"@executable_path/Frameworks",
				);
				PRODUCT_BUNDLE_IDENTIFIER = com.ericsharkey.FishHook;
				PRODUCT_NAME = "$(TARGET_NAME)";
				SWIFT_VERSION = 4.2;
				TARGETED_DEVICE_FAMILY = "1,2";
			};
			name = Release;
		};
		4A35F98D221B0D4900664FF2 /* Debug */ = {
			isa = XCBuildConfiguration;
			baseConfigurationReference = 23AA5ED718A7B480E6DAB269 /* Pods-FishHookTests.debug.xcconfig */;
			buildSettings = {
				ALWAYS_EMBED_SWIFT_STANDARD_LIBRARIES = YES;
				BUNDLE_LOADER = "$(TEST_HOST)";
				CODE_SIGN_STYLE = Automatic;
				DEVELOPMENT_TEAM = DZXMFJBQVZ;
				INFOPLIST_FILE = FishHookTests/Info.plist;
				LD_RUNPATH_SEARCH_PATHS = (
					"$(inherited)",
					"@executable_path/Frameworks",
					"@loader_path/Frameworks",
				);
				PRODUCT_BUNDLE_IDENTIFIER = com.ericsharkey.FishHookTests;
				PRODUCT_NAME = "$(TARGET_NAME)";
				SWIFT_VERSION = 4.2;
				TARGETED_DEVICE_FAMILY = "1,2";
				TEST_HOST = "$(BUILT_PRODUCTS_DIR)/FishHook.app/FishHook";
			};
			name = Debug;
		};
		4A35F98E221B0D4900664FF2 /* Release */ = {
			isa = XCBuildConfiguration;
			baseConfigurationReference = 2580ADBAE32566D8DAE73CAD /* Pods-FishHookTests.release.xcconfig */;
			buildSettings = {
				ALWAYS_EMBED_SWIFT_STANDARD_LIBRARIES = YES;
				BUNDLE_LOADER = "$(TEST_HOST)";
				CODE_SIGN_STYLE = Automatic;
				DEVELOPMENT_TEAM = DZXMFJBQVZ;
				INFOPLIST_FILE = FishHookTests/Info.plist;
				LD_RUNPATH_SEARCH_PATHS = (
					"$(inherited)",
					"@executable_path/Frameworks",
					"@loader_path/Frameworks",
				);
				PRODUCT_BUNDLE_IDENTIFIER = com.ericsharkey.FishHookTests;
				PRODUCT_NAME = "$(TARGET_NAME)";
				SWIFT_VERSION = 4.2;
				TARGETED_DEVICE_FAMILY = "1,2";
				TEST_HOST = "$(BUILT_PRODUCTS_DIR)/FishHook.app/FishHook";
			};
			name = Release;
		};
/* End XCBuildConfiguration section */

/* Begin XCConfigurationList section */
		4A35F967221B0D4700664FF2 /* Build configuration list for PBXProject "FishHook" */ = {
			isa = XCConfigurationList;
			buildConfigurations = (
				4A35F987221B0D4900664FF2 /* Debug */,
				4A35F988221B0D4900664FF2 /* Release */,
			);
			defaultConfigurationIsVisible = 0;
			defaultConfigurationName = Release;
		};
		4A35F989221B0D4900664FF2 /* Build configuration list for PBXNativeTarget "FishHook" */ = {
			isa = XCConfigurationList;
			buildConfigurations = (
				4A35F98A221B0D4900664FF2 /* Debug */,
				4A35F98B221B0D4900664FF2 /* Release */,
			);
			defaultConfigurationIsVisible = 0;
			defaultConfigurationName = Release;
		};
		4A35F98C221B0D4900664FF2 /* Build configuration list for PBXNativeTarget "FishHookTests" */ = {
			isa = XCConfigurationList;
			buildConfigurations = (
				4A35F98D221B0D4900664FF2 /* Debug */,
				4A35F98E221B0D4900664FF2 /* Release */,
			);
			defaultConfigurationIsVisible = 0;
			defaultConfigurationName = Release;
		};
/* End XCConfigurationList section */
	};
	rootObject = 4A35F964221B0D4700664FF2 /* Project object */;
}
